{
  "version": 4,
  "terraform_version": "1.7.5",
  "serial": 9,
  "lineage": "3a341f54-82df-d34e-0f98-a72bae6bd9d5",
  "outputs": {},
  "resources": [
    {
      "mode": "managed",
      "type": "local_file",
      "name": "archivo",
      "provider": "provider[\"registry.terraform.io/hashicorp/local\"]",
      "instances": [
        {
          "index_key": 0,
          "schema_version": 0,
          "attributes": {
            "content": "Lista de Archivo 0",
            "content_base64": null,
            "content_base64sha256": "fORRxNSCJeEhZIXdnEIVV4iDt0mwUtKCUjwurNgDzt4=",
            "content_base64sha512": "mGL4jGtyZwzOST90TXLmGnvPsGV32TnPbkBaJ79NX+xfdOVtQMDMUAtkkF45wAUqRDrd9xLFMRvA5CrYUi4sJg==",
            "content_md5": "aeb24ab897003de501d3b8e3c7d8125b",
            "content_sha1": "3b42764c8df8d2e8bbbd782de483a4f7cf8995a9",
            "content_sha256": "7ce451c4d48225e1216485dd9c4215578883b749b052d282523c2eacd803cede",
            "content_sha512": "9862f88c6b72670cce493f744d72e61a7bcfb06577d939cf6e405a27bf4d5fec5f74e56d40c0cc500b64905e39c0052a443addf712c5311bc0e42ad8522e2c26",
            "directory_permission": "0777",
            "file_permission": "0777",
            "filename": "archivo0.txt",
            "id": "3b42764c8df8d2e8bbbd782de483a4f7cf8995a9",
            "sensitive_content": null,
            "source": null
          },
          "sensitive_attributes": []
        },
        {
          "index_key": 1,
          "schema_version": 0,
          "attributes": {
            "content": "Lista de Archivo 1",
            "content_base64": null,
            "content_base64sha256": "C59OcV/emu/+Z4KtsRjw5GYShe1HxBOkB5F7JFN3gyc=",
            "content_base64sha512": "j35j/bGxY1meTef35ObmGywgLliH7rT8PsgyhsVib1646XHwc3U5whvT6aiG9RYa3bI8rQQQg2GuYjGxmGP13g==",
            "content_md5": "efa9c3502e8c95abba111235cefd990c",
            "content_sha1": "76fe96eadecec8c48f5b236be4652850f9d350a6",
            "content_sha256": "0b9f4e715fde9aeffe6782adb118f0e4661285ed47c413a407917b2453778327",
            "content_sha512": "8f7e63fdb1b163599e4de7f7e4e6e61b2c202e5887eeb4fc3ec83286c5626f5eb8e971f0737539c21bd3e9a886f5161addb23cad04108361ae6231b19863f5de",
            "directory_permission": "0777",
            "file_permission": "0777",
            "filename": "archivo1.txt",
            "id": "76fe96eadecec8c48f5b236be4652850f9d350a6",
            "sensitive_content": null,
            "source": null
          },
          "sensitive_attributes": []
        },
        {
          "index_key": 2,
          "schema_version": 0,
          "attributes": {
            "content": "Lista de Archivo 2",
            "content_base64": null,
            "content_base64sha256": "/sMdmOsOh2o3TNurYfhXbu0HDzchHbACeUTOq6ExTYw=",
            "content_base64sha512": "7OGU82ko54K7AGwsZQBoKLkCIFGCqfO/oYSK7UCcdzamGWjSUV8g7YWMsY67TgCzu3AylJdq6rnH8kzbD0h4Kg==",
            "content_md5": "2cc3742233699964ff048ebf7d552372",
            "content_sha1": "1ed3663d0959e728da20ccc5d23d96042f387f2b",
            "content_sha256": "fec31d98eb0e876a374cdbab61f8576eed070f37211db0027944ceaba1314d8c",
            "content_sha512": "ece194f36928e782bb006c2c65006828b902205182a9f3bfa1848aed409c7736a61968d2515f20ed858cb18ebb4e00b3bb703294976aeab9c7f24cdb0f48782a",
            "directory_permission": "0777",
            "file_permission": "0777",
            "filename": "archivo2.txt",
            "id": "1ed3663d0959e728da20ccc5d23d96042f387f2b",
            "sensitive_content": null,
            "source": null
          },
          "sensitive_attributes": []
        },
        {
          "index_key": 3,
          "schema_version": 0,
          "attributes": {
            "content": "Lista de Archivo 3",
            "content_base64": null,
            "content_base64sha256": "ZzBRbhLOwSp0tBjhUc1NRqRAxWRJ4ceTFtabYqPZudY=",
            "content_base64sha512": "gXdR+0l4/CxZMwv5QWh7XQwK5tayBosvCxFjFU7qeadbg6Hkq4eq+bMnDMHZXqT3kEWN4oZtHBDDcLtPhU2LxQ==",
            "content_md5": "5881064e5faa0e3b850b8d957b490744",
            "content_sha1": "770c81d7e8b8d91c1b6e73cd0e88cabe2c6a31c6",
            "content_sha256": "6730516e12cec12a74b418e151cd4d46a440c56449e1c79316d69b62a3d9b9d6",
            "content_sha512": "817751fb4978fc2c59330bf941687b5d0c0ae6d6b2068b2f0b1163154eea79a75b83a1e4ab87aaf9b3270cc1d95ea4f790458de2866d1c10c370bb4f854d8bc5",
            "directory_permission": "0777",
            "file_permission": "0777",
            "filename": "archivo3.txt",
            "id": "770c81d7e8b8d91c1b6e73cd0e88cabe2c6a31c6",
            "sensitive_content": null,
            "source": null
          },
          "sensitive_attributes": []
        }
      ]
    },
    {
      "mode": "managed",
      "type": "random_string",
      "name": "prefijo",
      "provider": "provider[\"registry.terraform.io/hashicorp/random\"]",
      "instances": [
        {
          "index_key": 0,
          "schema_version": 2,
          "attributes": {
            "id": "hwra",
            "keepers": null,
            "length": 4,
            "lower": true,
            "min_lower": 0,
            "min_numeric": 0,
            "min_special": 0,
            "min_upper": 0,
            "number": false,
            "numeric": false,
            "override_special": null,
            "result": "hwra",
            "special": false,
            "upper": false
          },
          "sensitive_attributes": []
        },
        {
          "index_key": 1,
          "schema_version": 2,
          "attributes": {
            "id": "lyrz",
            "keepers": null,
            "length": 4,
            "lower": true,
            "min_lower": 0,
            "min_numeric": 0,
            "min_special": 0,
            "min_upper": 0,
            "number": false,
            "numeric": false,
            "override_special": null,
            "result": "lyrz",
            "special": false,
            "upper": false
          },
          "sensitive_attributes": []
        },
        {
          "index_key": 2,
          "schema_version": 2,
          "attributes": {
            "id": "lhnz",
            "keepers": null,
            "length": 4,
            "lower": true,
            "min_lower": 0,
            "min_numeric": 0,
            "min_special": 0,
            "min_upper": 0,
            "number": false,
            "numeric": false,
            "override_special": null,
            "result": "lhnz",
            "special": false,
            "upper": false
          },
          "sensitive_attributes": []
        },
        {
          "index_key": 3,
          "schema_version": 2,
          "attributes": {
            "id": "cjlz",
            "keepers": null,
            "length": 4,
            "lower": true,
            "min_lower": 0,
            "min_numeric": 0,
            "min_special": 0,
            "min_upper": 0,
            "number": false,
            "numeric": false,
            "override_special": null,
            "result": "cjlz",
            "special": false,
            "upper": false
          },
          "sensitive_attributes": []
        }
      ]
    }
  ],
  "check_results": null
}
