{
  "version": 4,
  "terraform_version": "1.7.5",
  "serial": 5,
  "lineage": "fe9ddd5f-ecde-07c6-8af8-78bfec0992d6",
  "outputs": {},
  "resources": [
    {
      "mode": "managed",
      "type": "local_file",
      "name": "crear_file_local",
      "provider": "provider[\"registry.terraform.io/hashicorp/local\"]",
      "instances": [
        {
          "index_key": "0",
          "schema_version": 0,
          "attributes": {
            "content": "Hola Mundo",
            "content_base64": null,
            "content_base64sha256": "w6Si5J2R8hdxE6mt/LnvmvlnncRVego6RgLhvTmm9IE=",
            "content_base64sha512": "uwsmh7nxGnURDL94Vw6nyLq7EIgNUzoas4gROHG9ZDxH25bhsZeTR2tbPzAABxlhqm1sqwwchzxNdRVRLGK7uw==",
            "content_md5": "d501194c987486789bb01b50dc1a0adb",
            "content_sha1": "48124d6dc3b2e693a207667c32ac672414913994",
            "content_sha256": "c3a4a2e49d91f2177113a9adfcb9ef9af9679dc4557a0a3a4602e1bd39a6f481",
            "content_sha512": "bb0b2687b9f11a75110cbf78570ea7c8babb10880d533a1ab388113871bd643c47db96e1b19793476b5b3f3000071961aa6d6cab0c1c873c4d7515512c62bbbb",
            "directory_permission": "0777",
            "file_permission": "0777",
            "filename": "mi_sitio_web/assets/css/styles.css",
            "id": "48124d6dc3b2e693a207667c32ac672414913994",
            "sensitive_content": null,
            "source": null
          },
          "sensitive_attributes": []
        },
        {
          "index_key": "1",
          "schema_version": 0,
          "attributes": {
            "content": "Hola Mundo",
            "content_base64": null,
            "content_base64sha256": "w6Si5J2R8hdxE6mt/LnvmvlnncRVego6RgLhvTmm9IE=",
            "content_base64sha512": "uwsmh7nxGnURDL94Vw6nyLq7EIgNUzoas4gROHG9ZDxH25bhsZeTR2tbPzAABxlhqm1sqwwchzxNdRVRLGK7uw==",
            "content_md5": "d501194c987486789bb01b50dc1a0adb",
            "content_sha1": "48124d6dc3b2e693a207667c32ac672414913994",
            "content_sha256": "c3a4a2e49d91f2177113a9adfcb9ef9af9679dc4557a0a3a4602e1bd39a6f481",
            "content_sha512": "bb0b2687b9f11a75110cbf78570ea7c8babb10880d533a1ab388113871bd643c47db96e1b19793476b5b3f3000071961aa6d6cab0c1c873c4d7515512c62bbbb",
            "directory_permission": "0777",
            "file_permission": "0777",
            "filename": "mi_sitio_web/assets/js/scripts.js",
            "id": "48124d6dc3b2e693a207667c32ac672414913994",
            "sensitive_content": null,
            "source": null
          },
          "sensitive_attributes": []
        }
      ]
    },
    {
      "mode": "managed",
      "type": "local_file",
      "name": "crear_file_pages",
      "provider": "provider[\"registry.terraform.io/hashicorp/local\"]",
      "instances": [
        {
          "index_key": "0",
          "schema_version": 0,
          "attributes": {
            "content": "\u003chtml\u003e\n  \u003chead\u003e\n    \u003ctitle\u003ePágina de inicio\u003c/title\u003e\n  \u003c/head\u003e\n  \u003cbody\u003e\n    \u003ch1\u003eHola Mundo desde la página de inicio\u003c/h1\u003e\n  \u003c/body\u003e\n\u003c/html\u003e\n",
            "content_base64": null,
            "content_base64sha256": "5F4b7RFRAkkiXgEutmzFfctcapFOr34vWsaLMoKrmyg=",
            "content_base64sha512": "wzy/gLJBQ6akJyEKgt54E/8P9JId4lvSYyFYYviYUftQM23YiG6S6k53RmC+yIYelWLSfzrUPZKiV+ULxEubVQ==",
            "content_md5": "6ebbe570aa6b2016a2acfe4a44a7a04a",
            "content_sha1": "03f916af0c336ae9e665a22ce6541b9f42c0fd2b",
            "content_sha256": "e45e1bed11510249225e012eb66cc57dcb5c6a914eaf7e2f5ac68b3282ab9b28",
            "content_sha512": "c33cbf80b24143a6a427210a82de7813ff0ff4921de25bd263215862f89851fb50336dd8886e92ea4e774660bec8861e9562d27f3ad43d92a257e50bc44b9b55",
            "directory_permission": "0777",
            "file_permission": "0777",
            "filename": "mi_sitio_web/pages/index.html",
            "id": "03f916af0c336ae9e665a22ce6541b9f42c0fd2b",
            "sensitive_content": null,
            "source": null
          },
          "sensitive_attributes": []
        },
        {
          "index_key": "1",
          "schema_version": 0,
          "attributes": {
            "content": "\u003chtml\u003e\n  \u003chead\u003e\n    \u003ctitle\u003eAcerca de\u003c/title\u003e\n  \u003c/head\u003e\n  \u003cbody\u003e\n    \u003ch1\u003eHola Mundo desde la página Acerca de\u003c/h1\u003e\n  \u003c/body\u003e\n\u003c/html\u003e\n",
            "content_base64": null,
            "content_base64sha256": "KEcqZtdRV8x0whyzWmAArZ2+nuHc6r4hDkz/WtVFX8A=",
            "content_base64sha512": "Ga4nC/T18g75Dyto1R2wqLyZ/ZQcVdG4TQD0X3xpej8nwohdQbmyPCFmaMqw47pnt3+yQUQKL/isYJUf5kt4mA==",
            "content_md5": "3ea825bdfeb37218049937efae32eed1",
            "content_sha1": "e477c8a38c770111c81747a388d3e1ca63fb3444",
            "content_sha256": "28472a66d75157cc74c21cb35a6000ad9dbe9ee1dceabe210e4cff5ad5455fc0",
            "content_sha512": "19ae270bf4f5f20ef90f2b68d51db0a8bc99fd941c55d1b84d00f45f7c697a3f27c2885d41b9b23c216668cab0e3ba67b77fb241440a2ff8ac60951fe64b7898",
            "directory_permission": "0777",
            "file_permission": "0777",
            "filename": "mi_sitio_web/pages/about.html",
            "id": "e477c8a38c770111c81747a388d3e1ca63fb3444",
            "sensitive_content": null,
            "source": null
          },
          "sensitive_attributes": []
        }
      ]
    }
  ],
  "check_results": null
}
