{
  "version": 4,
  "terraform_version": "1.7.5",
  "serial": 56,
  "lineage": "ce629b7a-f8da-1c8b-9c5c-32b00865bbb8",
  "outputs": {},
  "resources": [
    {
      "mode": "managed",
      "type": "local_file",
      "name": "configuracion",
      "provider": "provider[\"registry.terraform.io/hashicorp/local\"]",
      "instances": [
        {
          "schema_version": 0,
          "attributes": {
            "content": "",
            "content_base64": null,
            "content_base64sha256": "47DEQpj8HBSa+/TImW+5JCeuQeRkm5NMpJWZG3hSuFU=",
            "content_base64sha512": "z4PhNX7vuL3xVChQ1m2AB9Yg5AULVxXcg/SpIdNs6c5H0NE8XYXysP+DGNKHfuwvY7kxvUdBeoGlODJ6+SfaPg==",
            "content_md5": "d41d8cd98f00b204e9800998ecf8427e",
            "content_sha1": "da39a3ee5e6b4b0d3255bfef95601890afd80709",
            "content_sha256": "e3b0c44298fc1c149afbf4c8996fb92427ae41e4649b934ca495991b7852b855",
            "content_sha512": "cf83e1357eefb8bdf1542850d66d8007d620e4050b5715dc83f4a921d36ce9ce47d0d13c5d85f2b0ff8318d2877eec2f63b931bd47417a81a538327af927da3e",
            "directory_permission": "0777",
            "file_permission": "0777",
            "filename": "mi_entorno/configuracion/texto.txt",
            "id": "da39a3ee5e6b4b0d3255bfef95601890afd80709",
            "sensitive_content": null,
            "source": null
          },
          "sensitive_attributes": []
        }
      ]
    },
    {
      "mode": "managed",
      "type": "local_file",
      "name": "herramientas",
      "provider": "provider[\"registry.terraform.io/hashicorp/local\"]",
      "instances": [
        {
          "schema_version": 0,
          "attributes": {
            "content": "",
            "content_base64": null,
            "content_base64sha256": "47DEQpj8HBSa+/TImW+5JCeuQeRkm5NMpJWZG3hSuFU=",
            "content_base64sha512": "z4PhNX7vuL3xVChQ1m2AB9Yg5AULVxXcg/SpIdNs6c5H0NE8XYXysP+DGNKHfuwvY7kxvUdBeoGlODJ6+SfaPg==",
            "content_md5": "d41d8cd98f00b204e9800998ecf8427e",
            "content_sha1": "da39a3ee5e6b4b0d3255bfef95601890afd80709",
            "content_sha256": "e3b0c44298fc1c149afbf4c8996fb92427ae41e4649b934ca495991b7852b855",
            "content_sha512": "cf83e1357eefb8bdf1542850d66d8007d620e4050b5715dc83f4a921d36ce9ce47d0d13c5d85f2b0ff8318d2877eec2f63b931bd47417a81a538327af927da3e",
            "directory_permission": "0777",
            "file_permission": "0777",
            "filename": "mi_entorno/herramientas/texto.txt",
            "id": "da39a3ee5e6b4b0d3255bfef95601890afd80709",
            "sensitive_content": null,
            "source": null
          },
          "sensitive_attributes": []
        }
      ]
    },
    {
      "mode": "managed",
      "type": "null_resource",
      "name": "configuracion_variables",
      "provider": "provider[\"registry.terraform.io/hashicorp/null\"]",
      "instances": [
        {
          "schema_version": 0,
          "attributes": {
            "id": "143931768281992801",
            "triggers": null
          },
          "sensitive_attributes": []
        }
      ]
    }
  ],
  "check_results": null
}
