{
  "version": 4,
  "terraform_version": "1.7.5",
  "serial": 6,
  "lineage": "6cd32bdc-a5fb-4777-4f6c-706bec91656f",
  "outputs": {},
  "resources": [
    {
      "mode": "managed",
      "type": "local_file",
      "name": "ejemplo",
      "provider": "provider[\"registry.terraform.io/hashicorp/local\"]",
      "instances": [
        {
          "schema_version": 0,
          "attributes": {
            "content": "Hola Mundo",
            "content_base64": null,
            "content_base64sha256": "w6Si5J2R8hdxE6mt/LnvmvlnncRVego6RgLhvTmm9IE=",
            "content_base64sha512": "uwsmh7nxGnURDL94Vw6nyLq7EIgNUzoas4gROHG9ZDxH25bhsZeTR2tbPzAABxlhqm1sqwwchzxNdRVRLGK7uw==",
            "content_md5": "d501194c987486789bb01b50dc1a0adb",
            "content_sha1": "48124d6dc3b2e693a207667c32ac672414913994",
            "content_sha256": "c3a4a2e49d91f2177113a9adfcb9ef9af9679dc4557a0a3a4602e1bd39a6f481",
            "content_sha512": "bb0b2687b9f11a75110cbf78570ea7c8babb10880d533a1ab388113871bd643c47db96e1b19793476b5b3f3000071961aa6d6cab0c1c873c4d7515512c62bbbb",
            "directory_permission": "0777",
            "file_permission": "0777",
            "filename": "{var.archivo_name}.txt",
            "id": "48124d6dc3b2e693a207667c32ac672414913994",
            "sensitive_content": null,
            "source": null
          },
          "sensitive_attributes": []
        }
      ]
    },
    {
      "mode": "managed",
      "type": "local_file",
      "name": "ejemplo_condicional",
      "provider": "provider[\"registry.terraform.io/hashicorp/local\"]",
      "instances": [
        {
          "index_key": 0,
          "schema_version": 0,
          "attributes": {
            "content": "Hola Mundo",
            "content_base64": null,
            "content_base64sha256": "w6Si5J2R8hdxE6mt/LnvmvlnncRVego6RgLhvTmm9IE=",
            "content_base64sha512": "uwsmh7nxGnURDL94Vw6nyLq7EIgNUzoas4gROHG9ZDxH25bhsZeTR2tbPzAABxlhqm1sqwwchzxNdRVRLGK7uw==",
            "content_md5": "d501194c987486789bb01b50dc1a0adb",
            "content_sha1": "48124d6dc3b2e693a207667c32ac672414913994",
            "content_sha256": "c3a4a2e49d91f2177113a9adfcb9ef9af9679dc4557a0a3a4602e1bd39a6f481",
            "content_sha512": "bb0b2687b9f11a75110cbf78570ea7c8babb10880d533a1ab388113871bd643c47db96e1b19793476b5b3f3000071961aa6d6cab0c1c873c4d7515512c62bbbb",
            "directory_permission": "0777",
            "file_permission": "0777",
            "filename": "archivo_condicional.txt",
            "id": "48124d6dc3b2e693a207667c32ac672414913994",
            "sensitive_content": null,
            "source": null
          },
          "sensitive_attributes": []
        }
      ]
    },
    {
      "mode": "managed",
      "type": "local_file",
      "name": "ejemplo_lista",
      "provider": "provider[\"registry.terraform.io/hashicorp/local\"]",
      "instances": [
        {
          "index_key": "archivo1.txt",
          "schema_version": 0,
          "attributes": {
            "content": "Hola Mundo",
            "content_base64": null,
            "content_base64sha256": "w6Si5J2R8hdxE6mt/LnvmvlnncRVego6RgLhvTmm9IE=",
            "content_base64sha512": "uwsmh7nxGnURDL94Vw6nyLq7EIgNUzoas4gROHG9ZDxH25bhsZeTR2tbPzAABxlhqm1sqwwchzxNdRVRLGK7uw==",
            "content_md5": "d501194c987486789bb01b50dc1a0adb",
            "content_sha1": "48124d6dc3b2e693a207667c32ac672414913994",
            "content_sha256": "c3a4a2e49d91f2177113a9adfcb9ef9af9679dc4557a0a3a4602e1bd39a6f481",
            "content_sha512": "bb0b2687b9f11a75110cbf78570ea7c8babb10880d533a1ab388113871bd643c47db96e1b19793476b5b3f3000071961aa6d6cab0c1c873c4d7515512c62bbbb",
            "directory_permission": "0777",
            "file_permission": "0777",
            "filename": "archivo1.txt",
            "id": "48124d6dc3b2e693a207667c32ac672414913994",
            "sensitive_content": null,
            "source": null
          },
          "sensitive_attributes": []
        },
        {
          "index_key": "archivo2.txt",
          "schema_version": 0,
          "attributes": {
            "content": "Hola Mundo",
            "content_base64": null,
            "content_base64sha256": "w6Si5J2R8hdxE6mt/LnvmvlnncRVego6RgLhvTmm9IE=",
            "content_base64sha512": "uwsmh7nxGnURDL94Vw6nyLq7EIgNUzoas4gROHG9ZDxH25bhsZeTR2tbPzAABxlhqm1sqwwchzxNdRVRLGK7uw==",
            "content_md5": "d501194c987486789bb01b50dc1a0adb",
            "content_sha1": "48124d6dc3b2e693a207667c32ac672414913994",
            "content_sha256": "c3a4a2e49d91f2177113a9adfcb9ef9af9679dc4557a0a3a4602e1bd39a6f481",
            "content_sha512": "bb0b2687b9f11a75110cbf78570ea7c8babb10880d533a1ab388113871bd643c47db96e1b19793476b5b3f3000071961aa6d6cab0c1c873c4d7515512c62bbbb",
            "directory_permission": "0777",
            "file_permission": "0777",
            "filename": "archivo2.txt",
            "id": "48124d6dc3b2e693a207667c32ac672414913994",
            "sensitive_content": null,
            "source": null
          },
          "sensitive_attributes": []
        },
        {
          "index_key": "archivo3.txt",
          "schema_version": 0,
          "attributes": {
            "content": "Hola Mundo",
            "content_base64": null,
            "content_base64sha256": "w6Si5J2R8hdxE6mt/LnvmvlnncRVego6RgLhvTmm9IE=",
            "content_base64sha512": "uwsmh7nxGnURDL94Vw6nyLq7EIgNUzoas4gROHG9ZDxH25bhsZeTR2tbPzAABxlhqm1sqwwchzxNdRVRLGK7uw==",
            "content_md5": "d501194c987486789bb01b50dc1a0adb",
            "content_sha1": "48124d6dc3b2e693a207667c32ac672414913994",
            "content_sha256": "c3a4a2e49d91f2177113a9adfcb9ef9af9679dc4557a0a3a4602e1bd39a6f481",
            "content_sha512": "bb0b2687b9f11a75110cbf78570ea7c8babb10880d533a1ab388113871bd643c47db96e1b19793476b5b3f3000071961aa6d6cab0c1c873c4d7515512c62bbbb",
            "directory_permission": "0777",
            "file_permission": "0777",
            "filename": "archivo3.txt",
            "id": "48124d6dc3b2e693a207667c32ac672414913994",
            "sensitive_content": null,
            "source": null
          },
          "sensitive_attributes": []
        }
      ]
    }
  ],
  "check_results": null
}
